{
  "requires": true,
  "lockfileVersion": 1,
  "dependencies": {
    "async-validator": {
      "version": "1.12.2",
      "resolved": "https://registry.npm.taobao.org/async-validator/download/async-validator-1.12.2.tgz?cache=0&sync_timestamp=1596623594706&other_urls=https%3A%2F%2Fregistry.npm.taobao.org%2Fasync-validator%2Fdownload%2Fasync-validator-1.12.2.tgz",
      "integrity": "sha1-vq5nHnF00pOLe0tp0vt+cit/1yw="
    },
    "axios": {
      "version": "0.20.0",
      "resolved": "https://registry.npm.taobao.org/axios/download/axios-0.20.0.tgz?cache=0&sync_timestamp=1597979608919&other_urls=https%3A%2F%2Fregistry.npm.taobao.org%2Faxios%2Fdownload%2Faxios-0.20.0.tgz",
      "integrity": "sha1-BXujDwSIRpSZOozQf6OUz/EcUL0=",
      "requires": {
        "follow-redirects": "^1.10.0"
      }
    },
    "core-js": {
      "version": "2.6.11",
      "resolved": "https://registry.npm.taobao.org/core-js/download/core-js-2.6.11.tgz?cache=0&sync_timestamp=1586450269267&other_urls=https%3A%2F%2Fregistry.npm.taobao.org%2Fcore-js%2Fdownload%2Fcore-js-2.6.11.tgz",
      "integrity": "sha1-OIMUafmSK97Y7iHJ3EaYXgOZMIw="
    },
    "deepmerge": {
      "version": "1.5.2",
      "resolved": "https://registry.npm.taobao.org/deepmerge/download/deepmerge-1.5.2.tgz?cache=0&sync_timestamp=1572279720382&other_urls=https%3A%2F%2Fregistry.npm.taobao.org%2Fdeepmerge%2Fdownload%2Fdeepmerge-1.5.2.tgz",
      "integrity": "sha1-EEmdhohEza1P7ghC34x/bwyVp1M="
    },
    "follow-redirects": {
      "version": "1.13.0",
      "resolved": "https://registry.npm.taobao.org/follow-redirects/download/follow-redirects-1.13.0.tgz",
      "integrity": "sha1-tC6Nk6Kn7qXtiGM2dtZZe8jjhNs="
    },
    "popper.js": {
      "version": "0.6.4",
      "resolved": "https://registry.npm.taobao.org/popper.js/download/popper.js-0.6.4.tgz",
      "integrity": "sha1-GDfEdgr1TSuyC2b5wJuSmT2Exik="
    },
    "qs": {
      "version": "6.9.4",
      "resolved": "https://registry.npm.taobao.org/qs/download/qs-6.9.4.tgz",
      "integrity": "sha1-kJCykNH5FyjTwi5UhDykSupatoc="
    },
    "uview-ui": {
      "version": "1.6.9",
      "resolved": "https://registry.npm.taobao.org/uview-ui/download/uview-ui-1.6.9.tgz",
      "integrity": "sha1-hMsoGYtsmsBnDP8gKPT+GCQjmdM="
    }
  }
}
